// !$*UTF8*$!
{
	archiveVersion = 1;
	classes = {
	};
	objectVersion = 48;
	objects = {

/* Begin PBXBuildFile section */
		D4100BC41F9D5A9900367630 /* DetailEateryTableViewCell.swift in Sources */ = {isa = PBXBuildFile; fileRef = D4100BC31F9D5A9900367630 /* DetailEateryTableViewCell.swift */; };
		D4751A981F99949F005EEAAD /* AppDelegate.swift in Sources */ = {isa = PBXBuildFile; fileRef = D4751A971F99949F005EEAAD /* AppDelegate.swift */; };
		D4751A9D1F99949F005EEAAD /* Main.storyboard in Resources */ = {isa = PBXBuildFile; fileRef = D4751A9B1F99949F005EEAAD /* Main.storyboard */; };
		D4751A9F1F99949F005EEAAD /* Assets.xcassets in Resources */ = {isa = PBXBuildFile; fileRef = D4751A9E1F99949F005EEAAD /* Assets.xcassets */; };
		D4751AA21F99949F005EEAAD /* LaunchScreen.storyboard in Resources */ = {isa = PBXBuildFile; fileRef = D4751AA01F99949F005EEAAD /* LaunchScreen.storyboard */; };
		D4751AAA1F999790005EEAAD /* EateriesTableViewController.swift in Sources */ = {isa = PBXBuildFile; fileRef = D4751AA91F999790005EEAAD /* EateriesTableViewController.swift */; };
		D4751AAC1F99A59A005EEAAD /* EateriesTableViewCell.swift in Sources */ = {isa = PBXBuildFile; fileRef = D4751AAB1F99A59A005EEAAD /* EateriesTableViewCell.swift */; };
		D4751AB01F9C0D35005EEAAD /* Restaurants.swift in Sources */ = {isa = PBXBuildFile; fileRef = D4751AAF1F9C0D35005EEAAD /* Restaurants.swift */; };
		D4751AB21F9C165F005EEAAD /* DetailEateryViewController.swift in Sources */ = {isa = PBXBuildFile; fileRef = D4751AB11F9C165F005EEAAD /* DetailEateryViewController.swift */; };
/* End PBXBuildFile section */

/* Begin PBXFileReference section */
		D4100BC31F9D5A9900367630 /* DetailEateryTableViewCell.swift */ = {isa = PBXFileReference; lastKnownFileType = sourcecode.swift; path = DetailEateryTableViewCell.swift; sourceTree = "<group>"; };
		D4751A941F99949F005EEAAD /* Eateries.app */ = {isa = PBXFileReference; explicitFileType = wrapper.application; includeInIndex = 0; path = Eateries.app; sourceTree = BUILT_PRODUCTS_DIR; };
		D4751A971F99949F005EEAAD /* AppDelegate.swift */ = {isa = PBXFileReference; lastKnownFileType = sourcecode.swift; path = AppDelegate.swift; sourceTree = "<group>"; };
		D4751A9C1F99949F005EEAAD /* Base */ = {isa = PBXFileReference; lastKnownFileType = file.storyboard; name = Base; path = Base.lproj/Main.storyboard; sourceTree = "<group>"; };
		D4751A9E1F99949F005EEAAD /* Assets.xcassets */ = {isa = PBXFileReference; lastKnownFileType = folder.assetcatalog; path = Assets.xcassets; sourceTree = "<group>"; };
		D4751AA11F99949F005EEAAD /* Base */ = {isa = PBXFileReference; lastKnownFileType = file.storyboard; name = Base; path = Base.lproj/LaunchScreen.storyboard; sourceTree = "<group>"; };
		D4751AA31F99949F005EEAAD /* Info.plist */ = {isa = PBXFileReference; lastKnownFileType = text.plist.xml; path = Info.plist; sourceTree = "<group>"; };
		D4751AA91F999790005EEAAD /* EateriesTableViewController.swift */ = {isa = PBXFileReference; lastKnownFileType = sourcecode.swift; path = EateriesTableViewController.swift; sourceTree = "<group>"; };
		D4751AAB1F99A59A005EEAAD /* EateriesTableViewCell.swift */ = {isa = PBXFileReference; lastKnownFileType = sourcecode.swift; path = EateriesTableViewCell.swift; sourceTree = "<group>"; };
		D4751AAF1F9C0D35005EEAAD /* Restaurants.swift */ = {isa = PBXFileReference; lastKnownFileType = sourcecode.swift; path = Restaurants.swift; sourceTree = "<group>"; };
		D4751AB11F9C165F005EEAAD /* DetailEateryViewController.swift */ = {isa = PBXFileReference; lastKnownFileType = sourcecode.swift; path = DetailEateryViewController.swift; sourceTree = "<group>"; };
/* End PBXFileReference section */

/* Begin PBXFrameworksBuildPhase section */
		D4751A911F99949F005EEAAD /* Frameworks */ = {
			isa = PBXFrameworksBuildPhase;
			buildActionMask = 2147483647;
			files = (
			);
			runOnlyForDeploymentPostprocessing = 0;
		};
/* End PBXFrameworksBuildPhase section */

/* Begin PBXGroup section */
		D4100BC21F9D5A5500367630 /* Detail */ = {
			isa = PBXGroup;
			children = (
				D4751AB11F9C165F005EEAAD /* DetailEateryViewController.swift */,
				D4100BC31F9D5A9900367630 /* DetailEateryTableViewCell.swift */,
			);
			path = Detail;
			sourceTree = "<group>";
		};
		D4751A8B1F99949F005EEAAD = {
			isa = PBXGroup;
			children = (
				D4751A961F99949F005EEAAD /* Eateries */,
				D4751A951F99949F005EEAAD /* Products */,
			);
			sourceTree = "<group>";
		};
		D4751A951F99949F005EEAAD /* Products */ = {
			isa = PBXGroup;
			children = (
				D4751A941F99949F005EEAAD /* Eateries.app */,
			);
			name = Products;
			sourceTree = "<group>";
		};
		D4751A961F99949F005EEAAD /* Eateries */ = {
			isa = PBXGroup;
			children = (
				D4751AA31F99949F005EEAAD /* Info.plist */,
				D4751AA01F99949F005EEAAD /* LaunchScreen.storyboard */,
				D4751A9E1F99949F005EEAAD /* Assets.xcassets */,
				D4751A971F99949F005EEAAD /* AppDelegate.swift */,
				D4751AAF1F9C0D35005EEAAD /* Restaurants.swift */,
				D4751A9B1F99949F005EEAAD /* Main.storyboard */,
				D4751AA91F999790005EEAAD /* EateriesTableViewController.swift */,
				D4751AAB1F99A59A005EEAAD /* EateriesTableViewCell.swift */,
				D4100BC21F9D5A5500367630 /* Detail */,
			);
			path = Eateries;
			sourceTree = "<group>";
		};
/* End PBXGroup section */

/* Begin PBXNativeTarget section */
		D4751A931F99949F005EEAAD /* Eateries */ = {
			isa = PBXNativeTarget;
			buildConfigurationList = D4751AA61F99949F005EEAAD /* Build configuration list for PBXNativeTarget "Eateries" */;
			buildPhases = (
				D4751A901F99949F005EEAAD /* Sources */,
				D4751A911F99949F005EEAAD /* Frameworks */,
				D4751A921F99949F005EEAAD /* Resources */,
			);
			buildRules = (
			);
			dependencies = (
			);
			name = Eateries;
			productName = Eateries;
			productReference = D4751A941F99949F005EEAAD /* Eateries.app */;
			productType = "com.apple.product-type.application";
		};
/* End PBXNativeTarget section */

/* Begin PBXProject section */
		D4751A8C1F99949F005EEAAD /* Project object */ = {
			isa = PBXProject;
			attributes = {
				LastSwiftUpdateCheck = 0900;
				LastUpgradeCheck = 0900;
				ORGANIZATIONNAME = "Aleksey Kabishau";
				TargetAttributes = {
					D4751A931F99949F005EEAAD = {
						CreatedOnToolsVersion = 9.0.1;
						ProvisioningStyle = Automatic;
					};
				};
			};
			buildConfigurationList = D4751A8F1F99949F005EEAAD /* Build configuration list for PBXProject "Eateries" */;
			compatibilityVersion = "Xcode 8.0";
			developmentRegion = en;
			hasScannedForEncodings = 0;
			knownRegions = (
				en,
				Base,
			);
			mainGroup = D4751A8B1F99949F005EEAAD;
			productRefGroup = D4751A951F99949F005EEAAD /* Products */;
			projectDirPath = "";
			projectRoot = "";
			targets = (
				D4751A931F99949F005EEAAD /* Eateries */,
			);
		};
/* End PBXProject section */

/* Begin PBXResourcesBuildPhase section */
		D4751A921F99949F005EEAAD /* Resources */ = {
			isa = PBXResourcesBuildPhase;
			buildActionMask = 2147483647;
			files = (
				D4751AA21F99949F005EEAAD /* LaunchScreen.storyboard in Resources */,
				D4751A9F1F99949F005EEAAD /* Assets.xcassets in Resources */,
				D4751A9D1F99949F005EEAAD /* Main.storyboard in Resources */,
			);
			runOnlyForDeploymentPostprocessing = 0;
		};
/* End PBXResourcesBuildPhase section */

/* Begin PBXSourcesBuildPhase section */
		D4751A901F99949F005EEAAD /* Sources */ = {
			isa = PBXSourcesBuildPhase;
			buildActionMask = 2147483647;
			files = (
				D4100BC41F9D5A9900367630 /* DetailEateryTableViewCell.swift in Sources */,
				D4751AB01F9C0D35005EEAAD /* Restaurants.swift in Sources */,
				D4751A981F99949F005EEAAD /* AppDelegate.swift in Sources */,
				D4751AAA1F999790005EEAAD /* EateriesTableViewController.swift in Sources */,
				D4751AAC1F99A59A005EEAAD /* EateriesTableViewCell.swift in Sources */,
				D4751AB21F9C165F005EEAAD /* DetailEateryViewController.swift in Sources */,
			);
			runOnlyForDeploymentPostprocessing = 0;
		};
/* End PBXSourcesBuildPhase section */

/* Begin PBXVariantGroup section */
		D4751A9B1F99949F005EEAAD /* Main.storyboard */ = {
			isa = PBXVariantGroup;
			children = (
				D4751A9C1F99949F005EEAAD /* Base */,
			);
			name = Main.storyboard;
			sourceTree = "<group>";
		};
		D4751AA01F99949F005EEAAD /* LaunchScreen.storyboard */ = {
			isa = PBXVariantGroup;
			children = (
				D4751AA11F99949F005EEAAD /* Base */,
			);
			name = LaunchScreen.storyboard;
			sourceTree = "<group>";
		};
/* End PBXVariantGroup section */

/* Begin XCBuildConfiguration section */
		D4751AA41F99949F005EEAAD /* Debug */ = {
			isa = XCBuildConfiguration;
			buildSettings = {
				ALWAYS_SEARCH_USER_PATHS = NO;
				CLANG_ANALYZER_NONNULL = YES;
				CLANG_ANALYZER_NUMBER_OBJECT_CONVERSION = YES_AGGRESSIVE;
				CLANG_CXX_LANGUAGE_STANDARD = "gnu++14";
				CLANG_CXX_LIBRARY = "libc++";
				CLANG_ENABLE_MODULES = YES;
				CLANG_ENABLE_OBJC_ARC = YES;
				CLANG_WARN_BLOCK_CAPTURE_AUTORELEASING = YES;
				CLANG_WARN_BOOL_CONVERSION = YES;
				CLANG_WARN_COMMA = YES;
				CLANG_WARN_CONSTANT_CONVERSION = YES;
				CLANG_WARN_DIRECT_OBJC_ISA_USAGE = YES_ERROR;
				CLANG_WARN_DOCUMENTATION_COMMENTS = YES;
				CLANG_WARN_EMPTY_BODY = YES;
				CLANG_WARN_ENUM_CONVERSION = YES;
				CLANG_WARN_INFINITE_RECURSION = YES;
				CLANG_WARN_INT_CONVERSION = YES;
				CLANG_WARN_NON_LITERAL_NULL_CONVERSION = YES;
				CLANG_WARN_OBJC_LITERAL_CONVERSION = YES;
				CLANG_WARN_OBJC_ROOT_CLASS = YES_ERROR;
				CLANG_WARN_RANGE_LOOP_ANALYSIS = YES;
				CLANG_WARN_STRICT_PROTOTYPES = YES;
				CLANG_WARN_SUSPICIOUS_MOVE = YES;
				CLANG_WARN_UNGUARDED_AVAILABILITY = YES_AGGRESSIVE;
				CLANG_WARN_UNREACHABLE_CODE = YES;
				CLANG_WARN__DUPLICATE_METHOD_MATCH = YES;
				CODE_SIGN_IDENTITY = "iPhone Developer";
				COPY_PHASE_STRIP = NO;
				DEBUG_INFORMATION_FORMAT = dwarf;
				ENABLE_STRICT_OBJC_MSGSEND = YES;
				ENABLE_TESTABILITY = YES;
				GCC_C_LANGUAGE_STANDARD = gnu11;
				GCC_DYNAMIC_NO_PIC = NO;
				GCC_NO_COMMON_BLOCKS = YES;
				GCC_OPTIMIZATION_LEVEL = 0;
				GCC_PREPROCESSOR_DEFINITIONS = (
					"DEBUG=1",
					"$(inherited)",
				);
				GCC_WARN_64_TO_32_BIT_CONVERSION = YES;
				GCC_WARN_ABOUT_RETURN_TYPE = YES_ERROR;
				GCC_WARN_UNDECLARED_SELECTOR = YES;
				GCC_WARN_UNINITIALIZED_AUTOS = YES_AGGRESSIVE;
				GCC_WARN_UNUSED_FUNCTION = YES;
				GCC_WARN_UNUSED_VARIABLE = YES;
				IPHONEOS_DEPLOYMENT_TARGET = 11.0;
				MTL_ENABLE_DEBUG_INFO = YES;
				ONLY_ACTIVE_ARCH = YES;
				SDKROOT = iphoneos;
				SWIFT_ACTIVE_COMPILATION_CONDITIONS = DEBUG;
				SWIFT_OPTIMIZATION_LEVEL = "-Onone";
			};
			name = Debug;
		};
		D4751AA51F99949F005EEAAD /* Release */ = {
			isa = XCBuildConfiguration;
			buildSettings = {
				ALWAYS_SEARCH_USER_PATHS = NO;
				CLANG_ANALYZER_NONNULL = YES;
				CLANG_ANALYZER_NUMBER_OBJECT_CONVERSION = YES_AGGRESSIVE;
				CLANG_CXX_LANGUAGE_STANDARD = "gnu++14";
				CLANG_CXX_LIBRARY = "libc++";
				CLANG_ENABLE_MODULES = YES;
				CLANG_ENABLE_OBJC_ARC = YES;
				CLANG_WARN_BLOCK_CAPTURE_AUTORELEASING = YES;
				CLANG_WARN_BOOL_CONVERSION = YES;
				CLANG_WARN_COMMA = YES;
				CLANG_WARN_CONSTANT_CONVERSION = YES;
				CLANG_WARN_DIRECT_OBJC_ISA_USAGE = YES_ERROR;
				CLANG_WARN_DOCUMENTATION_COMMENTS = YES;
				CLANG_WARN_EMPTY_BODY = YES;
				CLANG_WARN_ENUM_CONVERSION = YES;
				CLANG_WARN_INFINITE_RECURSION = YES;
				CLANG_WARN_INT_CONVERSION = YES;
				CLANG_WARN_NON_LITERAL_NULL_CONVERSION = YES;
				CLANG_WARN_OBJC_LITERAL_CONVERSION = YES;
				CLANG_WARN_OBJC_ROOT_CLASS = YES_ERROR;
				CLANG_WARN_RANGE_LOOP_ANALYSIS = YES;
				CLANG_WARN_STRICT_PROTOTYPES = YES;
				CLANG_WARN_SUSPICIOUS_MOVE = YES;
				CLANG_WARN_UNGUARDED_AVAILABILITY = YES_AGGRESSIVE;
				CLANG_WARN_UNREACHABLE_CODE = YES;
				CLANG_WARN__DUPLICATE_METHOD_MATCH = YES;
				CODE_SIGN_IDENTITY = "iPhone Developer";
				COPY_PHASE_STRIP = NO;
				DEBUG_INFORMATION_FORMAT = "dwarf-with-dsym";
				ENABLE_NS_ASSERTIONS = NO;
				ENABLE_STRICT_OBJC_MSGSEND = YES;
				GCC_C_LANGUAGE_STANDARD = gnu11;
				GCC_NO_COMMON_BLOCKS = YES;
				GCC_WARN_64_TO_32_BIT_CONVERSION = YES;
				GCC_WARN_ABOUT_RETURN_TYPE = YES_ERROR;
				GCC_WARN_UNDECLARED_SELECTOR = YES;
				GCC_WARN_UNINITIALIZED_AUTOS = YES_AGGRESSIVE;
				GCC_WARN_UNUSED_FUNCTION = YES;
				GCC_WARN_UNUSED_VARIABLE = YES;
				IPHONEOS_DEPLOYMENT_TARGET = 11.0;
				MTL_ENABLE_DEBUG_INFO = NO;
				SDKROOT = iphoneos;
				SWIFT_OPTIMIZATION_LEVEL = "-Owholemodule";
				VALIDATE_PRODUCT = YES;
			};
			name = Release;
		};
		D4751AA71F99949F005EEAAD /* Debug */ = {
			isa = XCBuildConfiguration;
			buildSettings = {
				ASSETCATALOG_COMPILER_APPICON_NAME = AppIcon;
				CODE_SIGN_STYLE = Automatic;
				DEVELOPMENT_TEAM = 7L32597M73;
				INFOPLIST_FILE = Eateries/Info.plist;
				LD_RUNPATH_SEARCH_PATHS = "$(inherited) @executable_path/Frameworks";
				PRODUCT_BUNDLE_IDENTIFIER = com.dreamline.Eateries;
				PRODUCT_NAME = "$(TARGET_NAME)";
				SWIFT_VERSION = 4.0;
				TARGETED_DEVICE_FAMILY = 1;
			};
			name = Debug;
		};
		D4751AA81F99949F005EEAAD /* Release */ = {
			isa = XCBuildConfiguration;
			buildSettings = {
				ASSETCATALOG_COMPILER_APPICON_NAME = AppIcon;
				CODE_SIGN_STYLE = Automatic;
				DEVELOPMENT_TEAM = 7L32597M73;
				INFOPLIST_FILE = Eateries/Info.plist;
				LD_RUNPATH_SEARCH_PATHS = "$(inherited) @executable_path/Frameworks";
				PRODUCT_BUNDLE_IDENTIFIER = com.dreamline.Eateries;
				PRODUCT_NAME = "$(TARGET_NAME)";
				SWIFT_VERSION = 4.0;
				TARGETED_DEVICE_FAMILY = 1;
			};
			name = Release;
		};
/* End XCBuildConfiguration section */

/* Begin XCConfigurationList section */
		D4751A8F1F99949F005EEAAD /* Build configuration list for PBXProject "Eateries" */ = {
			isa = XCConfigurationList;
			buildConfigurations = (
				D4751AA41F99949F005EEAAD /* Debug */,
				D4751AA51F99949F005EEAAD /* Release */,
			);
			defaultConfigurationIsVisible = 0;
			defaultConfigurationName = Release;
		};
		D4751AA61F99949F005EEAAD /* Build configuration list for PBXNativeTarget "Eateries" */ = {
			isa = XCConfigurationList;
			buildConfigurations = (
				D4751AA71F99949F005EEAAD /* Debug */,
				D4751AA81F99949F005EEAAD /* Release */,
			);
			defaultConfigurationIsVisible = 0;
			defaultConfigurationName = Release;
		};
/* End XCConfigurationList section */
	};
	rootObject = D4751A8C1F99949F005EEAAD /* Project object */;
}
